<Project xmlns="http://schemas.microsoft.com/developer/msbuild/2003">
  <PropertyGroup>
    <ProjectGuid>{01160af6-aa58-4a76-9983-5e3cc09b7ef8}</ProjectGuid>
    <MainSource>MyDacDemo_VclNet.dpr</MainSource>
    <Configuration Condition=" '$(Configuration)' == '' ">Debug</Configuration>
    <Platform Condition=" '$(Platform)' == '' ">AnyCPU</Platform>
    <DCC_EnabledPackages>true</DCC_EnabledPackages>
    <DCC_DCCCompiler>DCCIL</DCC_DCCCompiler>
    <DCC_DependencyCheckOutputName>MyDacDemo_VclNet.exe</DCC_DependencyCheckOutputName>
  </PropertyGroup>
  <PropertyGroup Condition=" '$(Configuration)|$(Platform)' == 'Release|AnyCPU' ">
    <Version>7.0</Version>
    <DCC_DebugInformation>False</DCC_DebugInformation>
    <DCC_LocalDebugSymbols>False</DCC_LocalDebugSymbols>
    <DCC_SymbolReferenceInfo>0</DCC_SymbolReferenceInfo>
    <DCC_NameSpace>Borland.Vcl;Devart.Dac;Devart.MyDac;Devart.Vcl</DCC_NameSpace>
    <DCC_DebugInfoInExe>True</DCC_DebugInfoInExe>
    <DCC_DebugVN>True</DCC_DebugVN>
    <DCC_UnitSearchPath>Base;ConnectDialog</DCC_UnitSearchPath>
    <DCC_ResourcePath>Base;ConnectDialog</DCC_ResourcePath>
    <DCC_IncludePath>Base;ConnectDialog</DCC_IncludePath>
    <DCC_Define>RELEASE</DCC_Define>
    <DCC_SYMBOL_DEPRECATED>False</DCC_SYMBOL_DEPRECATED>
    <DCC_SYMBOL_PLATFORM>False</DCC_SYMBOL_PLATFORM>
    <DCC_UNIT_PLATFORM>False</DCC_UNIT_PLATFORM>
    <DCC_UNIT_DEPRECATED>False</DCC_UNIT_DEPRECATED>
    <DCC_UNSAFE_TYPE>False</DCC_UNSAFE_TYPE>
    <DCC_UNSAFE_CODE>False</DCC_UNSAFE_CODE>
    <DCC_UNSAFE_CAST>False</DCC_UNSAFE_CAST>
  </PropertyGroup>
  <PropertyGroup Condition=" '$(Configuration)|$(Platform)' == 'Debug|AnyCPU' ">
    <Version>7.0</Version>
    <DCC_NameSpace>Borland.Vcl;Devart.Dac;Devart.MyDac;Devart.Vcl</DCC_NameSpace>
    <DCC_DebugInfoInExe>True</DCC_DebugInfoInExe>
    <DCC_DebugVN>True</DCC_DebugVN>
    <DCC_UnitSearchPath>Base;ConnectDialog</DCC_UnitSearchPath>
    <DCC_ResourcePath>Base;ConnectDialog</DCC_ResourcePath>
    <DCC_IncludePath>Base;ConnectDialog</DCC_IncludePath>
    <DCC_Define>DEBUG</DCC_Define>
    <DCC_SYMBOL_DEPRECATED>False</DCC_SYMBOL_DEPRECATED>
    <DCC_SYMBOL_PLATFORM>False</DCC_SYMBOL_PLATFORM>
    <DCC_UNIT_PLATFORM>False</DCC_UNIT_PLATFORM>
    <DCC_UNIT_DEPRECATED>False</DCC_UNIT_DEPRECATED>
    <DCC_UNSAFE_TYPE>False</DCC_UNSAFE_TYPE>
    <DCC_UNSAFE_CODE>False</DCC_UNSAFE_CODE>
    <DCC_UNSAFE_CAST>False</DCC_UNSAFE_CAST>
    <DCC_Platform>x86</DCC_Platform>
  </PropertyGroup>
  <ProjectExtensions>
    <Borland.Personality>DelphiDotNet.Personality</Borland.Personality>
    <Borland.ProjectType />
    <BorlandProject>
<BorlandProject xmlns=""> <DelphiDotNet.Personality>   <Parameters>
      <Parameters Name="UseLauncher">False</Parameters>
      <Parameters Name="LoadAllSymbols">True</Parameters>
      <Parameters Name="LoadUnspecifiedSymbols">False</Parameters>
    </Parameters>
    <VersionInfo>
      <VersionInfo Name="IncludeVerInfo">False</VersionInfo>
      <VersionInfo Name="AutoIncBuild">False</VersionInfo>
      <VersionInfo Name="MajorVer">1</VersionInfo>
      <VersionInfo Name="MinorVer">0</VersionInfo>
      <VersionInfo Name="Release">0</VersionInfo>
      <VersionInfo Name="Build">0</VersionInfo>
      <VersionInfo Name="Debug">False</VersionInfo>
      <VersionInfo Name="PreRelease">False</VersionInfo>
      <VersionInfo Name="Special">False</VersionInfo>
      <VersionInfo Name="Private">False</VersionInfo>
      <VersionInfo Name="DLL">False</VersionInfo>
      <VersionInfo Name="Locale">1033</VersionInfo>
      <VersionInfo Name="CodePage">1252</VersionInfo>
    </VersionInfo>
    <VersionInfoKeys>
      <VersionInfoKeys Name="CompanyName"></VersionInfoKeys>
      <VersionInfoKeys Name="FileDescription"></VersionInfoKeys>
      <VersionInfoKeys Name="FileVersion">1.0.0.0</VersionInfoKeys>
      <VersionInfoKeys Name="InternalName"></VersionInfoKeys>
      <VersionInfoKeys Name="LegalCopyright"></VersionInfoKeys>
      <VersionInfoKeys Name="LegalTrademarks"></VersionInfoKeys>
      <VersionInfoKeys Name="OriginalFilename"></VersionInfoKeys>
      <VersionInfoKeys Name="ProductName"></VersionInfoKeys>
      <VersionInfoKeys Name="ProductVersion">1.0.0.0</VersionInfoKeys>
      <VersionInfoKeys Name="Comments"></VersionInfoKeys>
    </VersionInfoKeys>
    <Source>
      <Source Name="MainSource">MyDacDemo_VclNet.dpr</Source>
    </Source>
  </DelphiDotNet.Personality> </BorlandProject></BorlandProject>
  </ProjectExtensions>
  <ItemGroup>
    <Reference Include="$(SystemRoot)\Microsoft.NET\Framework\v2.0.50727\System.Drawing.dll">
      <AssemblyName>system.drawing</AssemblyName>
      <Version>2.0.0.0</Version>
      <HintPath>$(SystemRoot)\Microsoft.NET\Framework\v2.0.50727\System.Drawing.dll</HintPath>
      <AssemblyTag>$(SystemRoot)\Microsoft.NET\Framework\v2.0.50727\System.Drawing.dll</AssemblyTag>
      <LinkUnits>False</LinkUnits>
    </Reference>
  </ItemGroup>
  <ItemGroup>
    <DelphiCompile Include="MyDacDemo_VclNet.dpr">
      <MainSource>MainSource</MainSource>
    </DelphiCompile>
    <DCCReference Include="..\..\..\..\Common\Demos\Win32\DacDemo\Base\CategoryFrame.pas">
      <Form>CategoryFrame</Form>
    </DCCReference>
    <DCCReference Include="..\..\..\..\Common\Demos\Win32\DacDemo\Base\DemoBase.pas" />
    <DCCReference Include="..\..\..\..\Common\Demos\Win32\DacDemo\Base\DemoForm.pas">
      <Form>DemoForm</Form>
    </DCCReference>
    <DCCReference Include="..\..\..\..\Common\Demos\Win32\DacDemo\Base\DemoFrame.pas">
      <Form>DemoFrame</Form>
    </DCCReference>
    <DCCReference Include="..\..\..\..\Common\Demos\Win32\DacDemo\Base\HtmlConsts.pas" />
    <DCCReference Include="..\..\..\..\Common\Demos\Win32\DacDemo\VirtualTable\VTable.pas" />
    <DCCReference Include="Base\MyDacAbout.pas">
      <Form>MyDacAboutForm</Form>
    </DCCReference>
    <DCCReference Include="Base\MyDacDemoForm.pas">
      <Form>MyDacForm</Form>
    </DCCReference>
    <DCCReference Include="CachedUpdates\CachedUpdates.pas">
      <Form>CachedUpdatesFrame</Form>
    </DCCReference>
    <DCCReference Include="CachedUpdates\UpdateAction.pas">
      <Form>UpdateActionForm</Form>
    </DCCReference>
    <DCCReference Include="Command\Command.pas" />
    <DCCReference Include="CRDBGrid\CRDBGrid.pas">
      <Form>CRDBGrid</Form>
    </DCCReference>
    <DCCReference Include="Dump\Dump.pas">
      <Form>DumpFrame</Form>
    </DCCReference>
    <DCCReference Include="FilterAndIndex\FilterAndIndex.pas">
      <Form>FilterAndIndex</Form>
    </DCCReference>
    <DCCReference Include="Loader\Fetch.pas">
      <Form>FetchForm</Form>
    </DCCReference>
    <DCCReference Include="Loader\Loader.pas">
      <Form>LoaderFrame</Form>
    </DCCReference>
    <DCCReference Include="Lock\Lock.pas">
      <Form>LockFrame</Form>
    </DCCReference>
    <DCCReference Include="MasterDetail\MasterDetail.pas">
      <Form>MasterDetailFrame</Form>
    </DCCReference>
    <DCCReference Include="Pictures\Pictures.pas">
      <Form>PicturesFrame</Form>
    </DCCReference>
    <DCCReference Include="Query\Query.pas">
      <Form>QueryFrame</Form>
    </DCCReference>
    <DCCReference Include="StoredProc\StoredProc.pas">
      <Form>StoredProcFrame</Form>
      <DesignClass>TFrame</DesignClass>
    </DCCReference>
    <DCCReference Include="Table\Table.pas">
      <Form>TableFrame</Form>
    </DCCReference>
    <DCCReference Include="Text\Text.pas">
      <Form>TextFrame</Form>
    </DCCReference>
    <DCCReference Include="Transactions\Transactions.pas">
      <Form>TransactionsFrame</Form>
    </DCCReference>
    <DCCReference Include="UpdateSQL\UpdateSQL.pas">
      <Form>UpdateSQLFrame</Form>
    </DCCReference>
  </ItemGroup>
  <Import Project="$(MSBuildBinPath)\Borland.Delphi.Targets" />
</Project>