<Project xmlns="http://schemas.microsoft.com/developer/msbuild/2003">
	<PropertyGroup>
		<ProjectGuid>{3e934519-3666-4902-aa40-eb29eed797ea}</ProjectGuid>
		<MainSource>dac120.dpk</MainSource>
		<Configuration Condition=" '$(Configuration)' == '' ">Debug</Configuration>
		<Platform Condition=" '$(Platform)' == '' ">AnyCPU</Platform>
		<DCC_DCCCompiler>DCC32</DCC_DCCCompiler>
		<DCC_DependencyCheckOutputName>dac120.bpl</DCC_DependencyCheckOutputName>
		<ProjectVersion>11.1</ProjectVersion>
		<Config Condition="'$(Config)'==''">Debug</Config>
	</PropertyGroup>
	<PropertyGroup Condition="'$(Config)'=='Base' or '$(Base)'!=''">
		<Base>true</Base>
	</PropertyGroup>
	<PropertyGroup Condition="'$(Config)'=='Release' or '$(Cfg_Release)'!=''">
		<Cfg_Release>true</Cfg_Release>
		<CfgParent>Base</CfgParent>
		<Base>true</Base>
	</PropertyGroup>
	<PropertyGroup Condition="'$(Config)'=='Debug' or '$(Cfg_Debug)'!=''">
		<Cfg_Debug>true</Cfg_Debug>
		<CfgParent>Base</CfgParent>
		<Base>true</Base>
	</PropertyGroup>
	<PropertyGroup Condition="'$(Base)'!=''">
		<DCC_DependencyCheckOutputName>D:\Documents and Settings\All Users\Documents\RAD Studio\6.0\Bpl\dac120.bpl</DCC_DependencyCheckOutputName>
		<DCC_ImageBase>00400000</DCC_ImageBase>
		<DesignOnlyPackage>false</DesignOnlyPackage>
		<DCC_LocalDebugSymbols>false</DCC_LocalDebugSymbols>
		<DCC_Description>Devart Data Access Components</DCC_Description>
		<RuntimeOnlyPackage>true</RuntimeOnlyPackage>
		<GenPackage>true</GenPackage>
		<DCC_OutputNeverBuildDcps>true</DCC_OutputNeverBuildDcps>
		<GenDll>true</GenDll>
		<DCC_WriteableConstants>true</DCC_WriteableConstants>
		<DCC_DebugInformation>false</DCC_DebugInformation>
		<DCC_SymbolReferenceInfo>0</DCC_SymbolReferenceInfo>
	</PropertyGroup>
	<PropertyGroup Condition="'$(Cfg_Release)'!=''">
		<DCC_DependencyCheckOutputName>dac120.bpl</DCC_DependencyCheckOutputName>
		<Version>7.0</Version>
		<DCC_DebugInformation>False</DCC_DebugInformation>
		<DCC_WriteableConstants>True</DCC_WriteableConstants>
		<DCC_LocalDebugSymbols>False</DCC_LocalDebugSymbols>
		<DCC_SymbolReferenceInfo>0</DCC_SymbolReferenceInfo>
		<DCC_CBuilderOutput>All</DCC_CBuilderOutput>
		<DCC_BplOutput>.</DCC_BplOutput>
		<DCC_Define>RELEASE</DCC_Define>
	</PropertyGroup>
	<PropertyGroup Condition="'$(Cfg_Debug)'!=''">
		<DCC_DependencyCheckOutputName>dac120.bpl</DCC_DependencyCheckOutputName>
		<Version>7.0</Version>
		<DCC_DebugInformation>False</DCC_DebugInformation>
		<DCC_WriteableConstants>True</DCC_WriteableConstants>
		<DCC_LocalDebugSymbols>False</DCC_LocalDebugSymbols>
		<DCC_SymbolReferenceInfo>0</DCC_SymbolReferenceInfo>
		<DCC_CBuilderOutput>All</DCC_CBuilderOutput>
		<DCC_BplOutput>.</DCC_BplOutput>
		<DCC_Define>DEBUG</DCC_Define>
	</PropertyGroup>
	<ItemGroup>
		<DelphiCompile Include="dac120.dpk">
			<MainSource>MainSource</MainSource>
		</DelphiCompile>
		<DCCReference Include="rtl.dcp"/>
		<DCCReference Include="dbrtl.dcp"/>
		<DCCReference Include="..\CRAccess.pas"/>
		<DCCReference Include="..\DALoader.pas"/>
		<DCCReference Include="..\DADump.pas"/>
		<DCCReference Include="..\DAScript.pas"/>
		<DCCReference Include="..\CRParser.pas"/>
		<DCCReference Include="..\DAConsts.pas"/>
		<DCCReference Include="..\DBMonitorIntf.pas"/>
		<DCCReference Include="..\DBMonitorClient.pas"/>
		<DCCReference Include="..\DASQLMonitor.pas"/>
		<DCCReference Include="..\DBAccess.pas"/>
		<DCCReference Include="..\MemData.pas"/>
		<DCCReference Include="..\MemDS.pas"/>
		<DCCReference Include="..\VirtualTable.pas"/>
		<DCCReference Include="..\DAVersionInfo.pas"/>
		<DCCReference Include="..\CLRClasses.pas"/>
		<DCCReference Include="..\MemUtils.pas"/>
		<DCCReference Include="..\CRBatchMove.pas"/>
		<DCCReference Include="..\Win32Timer.pas"/>
		<DCCReference Include="..\CRConnectionPool.pas"/>
		<DCCReference Include="..\CRXml.pas"/>
		<DCCReference Include="..\MTSCall.pas"/>
		<DCCReference Include="..\CRProvider.pas"/>
		<DCCReference Include="..\CRVio.pas"/>
		<DCCReference Include="..\CRVioTcp.pas"/>
		<DCCReference Include="..\CRVioTcpSSL.pas"/>
		<BuildConfiguration Include="Base">
			<Key>Base</Key>
		</BuildConfiguration>
		<BuildConfiguration Include="Release">
			<Key>Cfg_Release</Key>
			<CfgParent>Base</CfgParent>
		</BuildConfiguration>
		<BuildConfiguration Include="Debug">
			<Key>Cfg_Debug</Key>
			<CfgParent>Base</CfgParent>
		</BuildConfiguration>
	</ItemGroup>
	<Import Project="$(BDS)\Bin\CodeGear.Delphi.Targets" Condition="Exists('$(BDS)\Bin\CodeGear.Delphi.Targets')"/>
	<ProjectExtensions>
		<Borland.Personality>Delphi.Personality</Borland.Personality>
		<Borland.ProjectType>Package</Borland.ProjectType>
		<BorlandProject><BorlandProject>
				<Delphi.Personality>
					<Parameters>
						<Parameters Name="UseLauncher">False</Parameters>
						<Parameters Name="LoadAllSymbols">True</Parameters>
						<Parameters Name="LoadUnspecifiedSymbols">False</Parameters>
					</Parameters>
					<VersionInfo>
						<VersionInfo Name="IncludeVerInfo">True</VersionInfo>
						<VersionInfo Name="AutoIncBuild">False</VersionInfo>
						<VersionInfo Type="Integer" Name="MajorVer">6</VersionInfo>
						<VersionInfo Type="Integer" Name="MinorVer">80</VersionInfo>
						<VersionInfo Type="Integer" Name="Release">0</VersionInfo>
						<VersionInfo Type="Integer" Name="Build">6051</VersionInfo>
						<VersionInfo Name="Debug">False</VersionInfo>
						<VersionInfo Name="PreRelease">False</VersionInfo>
						<VersionInfo Name="Special">False</VersionInfo>
						<VersionInfo Name="Private">False</VersionInfo>
						<VersionInfo Name="DLL">False</VersionInfo>
					</VersionInfo>
					<VersionInfoKeys>
						<VersionInfoKeys Name="CompanyName">Devart</VersionInfoKeys>
						<VersionInfoKeys Name="FileDescription"></VersionInfoKeys>
						<VersionInfoKeys Type="String" Name="FileVersion">6.80.0.51</VersionInfoKeys>
						<VersionInfoKeys Name="InternalName"></VersionInfoKeys>
						<VersionInfoKeys Name="LegalCopyright"></VersionInfoKeys>
						<VersionInfoKeys Name="LegalTrademarks"></VersionInfoKeys>
						<VersionInfoKeys Name="OriginalFilename"></VersionInfoKeys>
						<VersionInfoKeys Name="ProductName">DAC</VersionInfoKeys>
						<VersionInfoKeys Type="String" Name="ProductVersion">6.80.0.51</VersionInfoKeys>
					</VersionInfoKeys>
					<Source>
						<Source Name="MainSource">dac120.dpk</Source>
					</Source>
				</Delphi.Personality>
			</BorlandProject>
		</BorlandProject>
	</ProjectExtensions>
</Project>
