<Project xmlns="http://schemas.microsoft.com/developer/msbuild/2003">
	<PropertyGroup>
		<ProjectGuid>{b3c5ddcc-9704-4351-ad7b-5d16603319e1}</ProjectGuid>
		<MainSource>dclmysqlmon120.dpk</MainSource>
		<Configuration Condition=" '$(Configuration)' == '' ">Debug</Configuration>
		<Platform Condition=" '$(Platform)' == '' ">AnyCPU</Platform>
		<DCC_DCCCompiler>DCC32</DCC_DCCCompiler>
		<DCC_DependencyCheckOutputName>D:\Documents and Settings\All Users\Documents\RAD Studio\6.0\Bpl\dclmysqlmon120.bpl</DCC_DependencyCheckOutputName>
		<ProjectVersion>11.1</ProjectVersion>
		<Config Condition="'$(Config)'==''">Debug</Config>
	</PropertyGroup>
	<PropertyGroup Condition="'$(Config)'=='Base' or '$(Base)'!=''">
		<Base>true</Base>
	</PropertyGroup>
	<PropertyGroup Condition="'$(Config)'=='Release' or '$(Cfg_Release)'!=''">
		<Cfg_Release>true</Cfg_Release>
		<CfgParent>Base</CfgParent>
		<Base>true</Base>
	</PropertyGroup>
	<PropertyGroup Condition="'$(Config)'=='Debug' or '$(Cfg_Debug)'!=''">
		<Cfg_Debug>true</Cfg_Debug>
		<CfgParent>Base</CfgParent>
		<Base>true</Base>
	</PropertyGroup>
	<PropertyGroup Condition="'$(Base)'!=''">
		<DCC_DependencyCheckOutputName>D:\Documents and Settings\All Users\Documents\RAD Studio\6.0\Bpl\dclmysqlmon120.bpl</DCC_DependencyCheckOutputName>
		<DCC_ImageBase>00400000</DCC_ImageBase>
		<DesignOnlyPackage>true</DesignOnlyPackage>
		<DCC_LocalDebugSymbols>false</DCC_LocalDebugSymbols>
		<DCC_Define>mydac;MYBUILDER;$(DCC_Define)</DCC_Define>
		<DCC_Description>Data Access Components for MySQL - TMySQLMonitor</DCC_Description>
		<GenPackage>true</GenPackage>
		<DCC_OutputNeverBuildDcps>true</DCC_OutputNeverBuildDcps>
		<GenDll>true</GenDll>
		<DCC_WriteableConstants>true</DCC_WriteableConstants>
		<DCC_DebugInformation>false</DCC_DebugInformation>
		<DCC_SymbolReferenceInfo>0</DCC_SymbolReferenceInfo>
	</PropertyGroup>
	<PropertyGroup Condition="'$(Cfg_Release)'!=''">
		<Version>7.0</Version>
		<DCC_DebugInformation>False</DCC_DebugInformation>
		<DCC_WriteableConstants>True</DCC_WriteableConstants>
		<DCC_LocalDebugSymbols>False</DCC_LocalDebugSymbols>
		<DCC_SymbolReferenceInfo>0</DCC_SymbolReferenceInfo>
		<DCC_UnitAlias>WinTypes=Borland.Vcl.Windows;WinProcs=Borland.Vcl.Windows;DbiTypes=BDE;DbiProcs=BDE;DbiErrs=BDE;</DCC_UnitAlias>
		<DCC_StackSize>4096,1048576</DCC_StackSize>
		<DCC_ExeOutput>.</DCC_ExeOutput>
		<DCC_DcuOutput>.</DCC_DcuOutput>
		<DCC_ObjOutput>.</DCC_ObjOutput>
		<DCC_HppOutput>.</DCC_HppOutput>
		<DCC_UnitSearchPath>..\..\..\Common\Source;..\;..\Design</DCC_UnitSearchPath>
		<DCC_ResourcePath>..\..\..\Common\Source;..\;..\Design</DCC_ResourcePath>
		<DCC_ObjPath>..\..\..\Common\Source;..\;..\Design</DCC_ObjPath>
		<DCC_IncludePath>..\..\..\Common\Source;..\;..\Design</DCC_IncludePath>
		<DCC_Define>mydac;MYBUILDER;RELEASE</DCC_Define>
		<DCC_UNSAFE_TYPE>True</DCC_UNSAFE_TYPE>
		<DCC_UNSAFE_CODE>True</DCC_UNSAFE_CODE>
		<DCC_UNSAFE_CAST>True</DCC_UNSAFE_CAST>
	</PropertyGroup>
	<PropertyGroup Condition="'$(Cfg_Debug)'!=''">
		<Version>7.0</Version>
		<DCC_DebugInformation>False</DCC_DebugInformation>
		<DCC_WriteableConstants>True</DCC_WriteableConstants>
		<DCC_LocalDebugSymbols>False</DCC_LocalDebugSymbols>
		<DCC_SymbolReferenceInfo>0</DCC_SymbolReferenceInfo>
		<DCC_UnitAlias>WinTypes=Borland.Vcl.Windows;WinProcs=Borland.Vcl.Windows;DbiTypes=BDE;DbiProcs=BDE;DbiErrs=BDE;</DCC_UnitAlias>
		<DCC_StackSize>4096,1048576</DCC_StackSize>
		<DCC_ExeOutput>.</DCC_ExeOutput>
		<DCC_DcuOutput>.</DCC_DcuOutput>
		<DCC_ObjOutput>.</DCC_ObjOutput>
		<DCC_HppOutput>.</DCC_HppOutput>
		<DCC_UnitSearchPath>..\..\..\Common\Source;..\;..\Design</DCC_UnitSearchPath>
		<DCC_ResourcePath>..\..\..\Common\Source;..\;..\Design</DCC_ResourcePath>
		<DCC_ObjPath>..\..\..\Common\Source;..\;..\Design</DCC_ObjPath>
		<DCC_IncludePath>..\..\..\Common\Source;..\;..\Design</DCC_IncludePath>
		<DCC_Define>mydac;MYBUILDER;DEBUG</DCC_Define>
		<DCC_UNSAFE_TYPE>True</DCC_UNSAFE_TYPE>
		<DCC_UNSAFE_CODE>True</DCC_UNSAFE_CODE>
		<DCC_UNSAFE_CAST>True</DCC_UNSAFE_CAST>
	</PropertyGroup>
	<ItemGroup>
		<DelphiCompile Include="dclmysqlmon120.dpk">
			<MainSource>MainSource</MainSource>
		</DelphiCompile>
		<DCCReference Include="mydac120.dcp"/>
		<DCCReference Include="mysqlmon120.dcp"/>
		<DCCReference Include="dcldb.dcp"/>
		<DCCReference Include="dcldac120.dcp"/>
		<DCCReference Include="mydacvcl120.dcp"/>
		<DCCReference Include="designide.dcp"/>
		<DCCReference Include="..\Design\MySQLMonReg.pas"/>
		<None Include="ModelSupport\default.txaPackage"/>
		<None Include="ModelSupport_dclmydac120\default.txaPackage"/>
		<BuildConfiguration Include="Base">
			<Key>Base</Key>
		</BuildConfiguration>
		<BuildConfiguration Include="Release">
			<Key>Cfg_Release</Key>
			<CfgParent>Base</CfgParent>
		</BuildConfiguration>
		<BuildConfiguration Include="Debug">
			<Key>Cfg_Debug</Key>
			<CfgParent>Base</CfgParent>
		</BuildConfiguration>
	</ItemGroup>
	<Import Project="$(BDS)\Bin\CodeGear.Delphi.Targets" Condition="Exists('$(BDS)\Bin\CodeGear.Delphi.Targets')"/>
	<ProjectExtensions>
		<Borland.Personality>Delphi.Personality</Borland.Personality>
		<Borland.ProjectType>Package</Borland.ProjectType>
		<BorlandProject><BorlandProject>
				<Delphi.Personality>
					<Parameters>
						<Parameters Name="UseLauncher">False</Parameters>
						<Parameters Name="LoadAllSymbols">True</Parameters>
						<Parameters Name="LoadUnspecifiedSymbols">False</Parameters>
					</Parameters>
					<VersionInfo>
						<VersionInfo Name="IncludeVerInfo">True</VersionInfo>
						<VersionInfo Name="AutoIncBuild">False</VersionInfo>
						<VersionInfo Name="MajorVer">5</VersionInfo>
						<VersionInfo Name="MinorVer">80</VersionInfo>
						<VersionInfo Name="Release">0</VersionInfo>
						<VersionInfo Name="Build">6047</VersionInfo>
						<VersionInfo Name="Debug">False</VersionInfo>
						<VersionInfo Name="PreRelease">False</VersionInfo>
						<VersionInfo Name="Special">False</VersionInfo>
						<VersionInfo Name="Private">False</VersionInfo>
						<VersionInfo Name="DLL">False</VersionInfo>
					</VersionInfo>
					<VersionInfoKeys>
						<VersionInfoKeys Name="CompanyName"></VersionInfoKeys>
						<VersionInfoKeys Name="FileDescription"></VersionInfoKeys>
						<VersionInfoKeys Name="FileVersion">5.80.0.47</VersionInfoKeys>
						<VersionInfoKeys Name="InternalName"></VersionInfoKeys>
						<VersionInfoKeys Name="LegalCopyright"></VersionInfoKeys>
						<VersionInfoKeys Name="LegalTrademarks"></VersionInfoKeys>
						<VersionInfoKeys Name="OriginalFilename"></VersionInfoKeys>
						<VersionInfoKeys Name="ProductName"></VersionInfoKeys>
						<VersionInfoKeys Name="ProductVersion">5.80.0.47</VersionInfoKeys>
					</VersionInfoKeys>
					<Source>
						<Source Name="MainSource">dclmysqlmon120.dpk</Source>
					</Source>
				</Delphi.Personality>
			</BorlandProject>
		</BorlandProject>
	</ProjectExtensions>
</Project>
